
Microsoft Visual Studio Solution File, Format Version 12.00
# Visual Studio Version 16
VisualStudioVersion = 16.0.30907.101
MinimumVisualStudioVersion = 10.0.40219.1
Project("{FAE04EC0-301F-11D3-BF4B-00C04F79EFBC}") = "Ejercicio1", "Ejercicio1\Ejercicio1.csproj", "{837C5B8D-FEF3-4857-932D-81995EB749D9}"
EndProject
Project("{FAE04EC0-301F-11D3-BF4B-00C04F79EFBC}") = "Ejercicio2", "Ejercicio2\Ejercicio2.csproj", "{187A1E83-6EE8-4173-B3DA-7C2C31AC0656}"
EndProject
Project("{FAE04EC0-301F-11D3-BF4B-00C04F79EFBC}") = "Ejercicio3", "Ejercicio3\Ejercicio3.csproj", "{0F0C9877-B91D-446F-AC2B-5D70011E4E80}"
EndProject
Global
	GlobalSection(SolutionConfigurationPlatforms) = preSolution
		Debug|Any CPU = Debug|Any CPU
		Release|Any CPU = Release|Any CPU
	EndGlobalSection
	GlobalSection(ProjectConfigurationPlatforms) = postSolution
		{837C5B8D-FEF3-4857-932D-81995EB749D9}.Debug|Any CPU.ActiveCfg = Debug|Any CPU
		{837C5B8D-FEF3-4857-932D-81995EB749D9}.Debug|Any CPU.Build.0 = Debug|Any CPU
		{837C5B8D-FEF3-4857-932D-81995EB749D9}.Release|Any CPU.ActiveCfg = Release|Any CPU
		{837C5B8D-FEF3-4857-932D-81995EB749D9}.Release|Any CPU.Build.0 = Release|Any CPU
		{187A1E83-6EE8-4173-B3DA-7C2C31AC0656}.Debug|Any CPU.ActiveCfg = Debug|Any CPU
		{187A1E83-6EE8-4173-B3DA-7C2C31AC0656}.Debug|Any CPU.Build.0 = Debug|Any CPU
		{187A1E83-6EE8-4173-B3DA-7C2C31AC0656}.Release|Any CPU.ActiveCfg = Release|Any CPU
		{187A1E83-6EE8-4173-B3DA-7C2C31AC0656}.Release|Any CPU.Build.0 = Release|Any CPU
		{0F0C9877-B91D-446F-AC2B-5D70011E4E80}.Debug|Any CPU.ActiveCfg = Debug|Any CPU
		{0F0C9877-B91D-446F-AC2B-5D70011E4E80}.Debug|Any CPU.Build.0 = Debug|Any CPU
		{0F0C9877-B91D-446F-AC2B-5D70011E4E80}.Release|Any CPU.ActiveCfg = Release|Any CPU
		{0F0C9877-B91D-446F-AC2B-5D70011E4E80}.Release|Any CPU.Build.0 = Release|Any CPU
	EndGlobalSection
	GlobalSection(SolutionProperties) = preSolution
		HideSolutionNode = FALSE
	EndGlobalSection
	GlobalSection(ExtensibilityGlobals) = postSolution
		SolutionGuid = {78F8C803-D478-4E9C-A1CC-2DAFB7FA2A5E}
	EndGlobalSection
EndGlobal
